
Microsoft Visual Studio Solution File, Format Version 12.00
# Visual Studio 15
VisualStudioVersion = 15.0.28010.2036
MinimumVisualStudioVersion = 10.0.40219.1
Project("{FAE04EC0-301F-11D3-BF4B-00C04F79EFBC}") = "EAP_exam1", "EAP_exam1\EAP_exam1.csproj", "{4782FA5D-0CED-4623-849C-6D08EB3232EE}"
EndProject
Global
	GlobalSection(SolutionConfigurationPlatforms) = preSolution
		Debug|Any CPU = Debug|Any CPU
		Release|Any CPU = Release|Any CPU
	EndGlobalSection
	GlobalSection(ProjectConfigurationPlatforms) = postSolution
		{4782FA5D-0CED-4623-849C-6D08EB3232EE}.Debug|Any CPU.ActiveCfg = Debug|Any CPU
		{4782FA5D-0CED-4623-849C-6D08EB3232EE}.Debug|Any CPU.Build.0 = Debug|Any CPU
		{4782FA5D-0CED-4623-849C-6D08EB3232EE}.Release|Any CPU.ActiveCfg = Release|Any CPU
		{4782FA5D-0CED-4623-849C-6D08EB3232EE}.Release|Any CPU.Build.0 = Release|Any CPU
	EndGlobalSection
	GlobalSection(SolutionProperties) = preSolution
		HideSolutionNode = FALSE
	EndGlobalSection
	GlobalSection(ExtensibilityGlobals) = postSolution
		SolutionGuid = {0FF8C304-53E1-4759-92E9-4B1522939DDE}
	EndGlobalSection
EndGlobal
